
Microsoft Visual Studio Solution File, Format Version 12.00
# Visual Studio Version 17
VisualStudioVersion = 17.14.36408.4 d17.14
MinimumVisualStudioVersion = 10.0.40219.1
Project("{FAE04EC0-301F-11D3-BF4B-00C04F79EFBC}") = "IdeaCenterExamPrep", "IdeaCenterExamPrep\IdeaCenterExamPrep.csproj", "{127D6EE8-7EB3-4350-93A1-E6371D5B6B34}"
EndProject
Global
	GlobalSection(SolutionConfigurationPlatforms) = preSolution
		Debug|Any CPU = Debug|Any CPU
		Release|Any CPU = Release|Any CPU
	EndGlobalSection
	GlobalSection(ProjectConfigurationPlatforms) = postSolution
		{127D6EE8-7EB3-4350-93A1-E6371D5B6B34}.Debug|Any CPU.ActiveCfg = Debug|Any CPU
		{127D6EE8-7EB3-4350-93A1-E6371D5B6B34}.Debug|Any CPU.Build.0 = Debug|Any CPU
		{127D6EE8-7EB3-4350-93A1-E6371D5B6B34}.Release|Any CPU.ActiveCfg = Release|Any CPU
		{127D6EE8-7EB3-4350-93A1-E6371D5B6B34}.Release|Any CPU.Build.0 = Release|Any CPU
	EndGlobalSection
	GlobalSection(SolutionProperties) = preSolution
		HideSolutionNode = FALSE
	EndGlobalSection
	GlobalSection(ExtensibilityGlobals) = postSolution
		SolutionGuid = {843578AD-1329-45AE-AAA3-B50B52F149E6}
	EndGlobalSection
EndGlobal
